
Microsoft Visual Studio Solution File, Format Version 12.00
# Visual Studio 2013
VisualStudioVersion = 12.0.21005.1
MinimumVisualStudioVersion = 10.0.40219.1
Project("{FAE04EC0-301F-11D3-BF4B-00C04F79EFBC}") = "Http_Cido_Shipping_Processor", "Http_Cido_Shipping_Processor\Http_Cido_Shipping_Processor.csproj", "{ACD15098-24BC-4746-8508-E48E49B82EF4}"
EndProject
Project("{FAE04EC0-301F-11D3-BF4B-00C04F79EFBC}") = "Http_Cido_Shipping_Routine", "Http_Cido_Shipping_Routine\Http_Cido_Shipping_Routine.csproj", "{9A02608C-B8DB-4C2E-BD76-479A8E5B1B8D}"
EndProject
Project("{FAE04EC0-301F-11D3-BF4B-00C04F79EFBC}") = "HttpRoutines", "HttpRoutines\HttpRoutines.csproj", "{199908EB-5BF1-4D55-A975-E93BAB847FC1}"
EndProject
Global
	GlobalSection(SolutionConfigurationPlatforms) = preSolution
		Debug|Any CPU = Debug|Any CPU
		Release|Any CPU = Release|Any CPU
	EndGlobalSection
	GlobalSection(ProjectConfigurationPlatforms) = postSolution
		{ACD15098-24BC-4746-8508-E48E49B82EF4}.Debug|Any CPU.ActiveCfg = Debug|Any CPU
		{ACD15098-24BC-4746-8508-E48E49B82EF4}.Debug|Any CPU.Build.0 = Debug|Any CPU
		{ACD15098-24BC-4746-8508-E48E49B82EF4}.Release|Any CPU.ActiveCfg = Release|Any CPU
		{ACD15098-24BC-4746-8508-E48E49B82EF4}.Release|Any CPU.Build.0 = Release|Any CPU
		{9A02608C-B8DB-4C2E-BD76-479A8E5B1B8D}.Debug|Any CPU.ActiveCfg = Debug|Any CPU
		{9A02608C-B8DB-4C2E-BD76-479A8E5B1B8D}.Debug|Any CPU.Build.0 = Debug|Any CPU
		{9A02608C-B8DB-4C2E-BD76-479A8E5B1B8D}.Release|Any CPU.ActiveCfg = Release|Any CPU
		{9A02608C-B8DB-4C2E-BD76-479A8E5B1B8D}.Release|Any CPU.Build.0 = Release|Any CPU
		{199908EB-5BF1-4D55-A975-E93BAB847FC1}.Debug|Any CPU.ActiveCfg = Debug|Any CPU
		{199908EB-5BF1-4D55-A975-E93BAB847FC1}.Debug|Any CPU.Build.0 = Debug|Any CPU
		{199908EB-5BF1-4D55-A975-E93BAB847FC1}.Release|Any CPU.ActiveCfg = Release|Any CPU
		{199908EB-5BF1-4D55-A975-E93BAB847FC1}.Release|Any CPU.Build.0 = Release|Any CPU
	EndGlobalSection
	GlobalSection(SolutionProperties) = preSolution
		HideSolutionNode = FALSE
	EndGlobalSection
EndGlobal
