
Microsoft Visual Studio Solution File, Format Version 12.00
# Visual Studio 2013
VisualStudioVersion = 12.0.21005.1
MinimumVisualStudioVersion = 10.0.40219.1
Project("{FAE04EC0-301F-11D3-BF4B-00C04F79EFBC}") = "DotNetBrowserWrapper", "DotNetBrowserWrapper\DotNetBrowserWrapper.csproj", "{763BF0F0-7D25-4544-A8AE-4D53820485BF}"
EndProject
Project("{FAE04EC0-301F-11D3-BF4B-00C04F79EFBC}") = "PacificBasin_Processor", "PacificBasin_Processor\PacificBasin_Processor.csproj", "{4F005880-622F-4667-8A86-2148F6E602B5}"
EndProject
Project("{FAE04EC0-301F-11D3-BF4B-00C04F79EFBC}") = "PacificBasinRoutine", "PacificBasinRoutine\PacificBasinRoutine.csproj", "{2C5454FB-60CE-4E95-B6A2-E610046EEEEF}"
EndProject
Global
	GlobalSection(SolutionConfigurationPlatforms) = preSolution
		Debug|Any CPU = Debug|Any CPU
		Release|Any CPU = Release|Any CPU
	EndGlobalSection
	GlobalSection(ProjectConfigurationPlatforms) = postSolution
		{763BF0F0-7D25-4544-A8AE-4D53820485BF}.Debug|Any CPU.ActiveCfg = Debug|Any CPU
		{763BF0F0-7D25-4544-A8AE-4D53820485BF}.Debug|Any CPU.Build.0 = Debug|Any CPU
		{763BF0F0-7D25-4544-A8AE-4D53820485BF}.Release|Any CPU.ActiveCfg = Release|Any CPU
		{763BF0F0-7D25-4544-A8AE-4D53820485BF}.Release|Any CPU.Build.0 = Release|Any CPU
		{4F005880-622F-4667-8A86-2148F6E602B5}.Debug|Any CPU.ActiveCfg = Debug|Any CPU
		{4F005880-622F-4667-8A86-2148F6E602B5}.Debug|Any CPU.Build.0 = Debug|Any CPU
		{4F005880-622F-4667-8A86-2148F6E602B5}.Release|Any CPU.ActiveCfg = Release|Any CPU
		{4F005880-622F-4667-8A86-2148F6E602B5}.Release|Any CPU.Build.0 = Release|Any CPU
		{2C5454FB-60CE-4E95-B6A2-E610046EEEEF}.Debug|Any CPU.ActiveCfg = Debug|Any CPU
		{2C5454FB-60CE-4E95-B6A2-E610046EEEEF}.Debug|Any CPU.Build.0 = Debug|Any CPU
		{2C5454FB-60CE-4E95-B6A2-E610046EEEEF}.Release|Any CPU.ActiveCfg = Release|Any CPU
		{2C5454FB-60CE-4E95-B6A2-E610046EEEEF}.Release|Any CPU.Build.0 = Release|Any CPU
	EndGlobalSection
	GlobalSection(SolutionProperties) = preSolution
		HideSolutionNode = FALSE
	EndGlobalSection
EndGlobal
