
Microsoft Visual Studio Solution File, Format Version 12.00
# Visual Studio 2013
VisualStudioVersion = 12.0.21005.1
MinimumVisualStudioVersion = 10.0.40219.1
Project("{FAE04EC0-301F-11D3-BF4B-00C04F79EFBC}") = "Bernhard_Schulte_Scrapper", "Bernhard_Schulte_Scrapper\Bernhard_Schulte_Scrapper.csproj", "{FA8E2CDD-82E1-487F-AEFF-16CD44B434B4}"
EndProject
Project("{FAE04EC0-301F-11D3-BF4B-00C04F79EFBC}") = "Bernhard_Schulte_Routine", "Bernhard_Schulte_Routine\Bernhard_Schulte_Routine.csproj", "{92D35BC6-35C2-4A79-A62B-87F79EC09374}"
EndProject
Project("{FAE04EC0-301F-11D3-BF4B-00C04F79EFBC}") = "DotNetBrowserWrapper", "DotNetBrowserWrapper\DotNetBrowserWrapper.csproj", "{763BF0F0-7D25-4544-A8AE-4D53820485BF}"
EndProject
Project("{FAE04EC0-301F-11D3-BF4B-00C04F79EFBC}") = "PluginInterface", "PluginInterface\PluginInterface.csproj", "{8610574F-E046-453D-AE60-73144A3D8DD4}"
EndProject
Project("{FAE04EC0-301F-11D3-BF4B-00C04F79EFBC}") = "WebScrapperProcessor", "WebScrapperProcessor\WebScrapperProcessor.csproj", "{F28A02C5-2BF8-43CD-88A8-B2645B3B30DD}"
EndProject
Global
	GlobalSection(SolutionConfigurationPlatforms) = preSolution
		Debug|Any CPU = Debug|Any CPU
		Release|Any CPU = Release|Any CPU
	EndGlobalSection
	GlobalSection(ProjectConfigurationPlatforms) = postSolution
		{FA8E2CDD-82E1-487F-AEFF-16CD44B434B4}.Debug|Any CPU.ActiveCfg = Debug|Any CPU
		{FA8E2CDD-82E1-487F-AEFF-16CD44B434B4}.Debug|Any CPU.Build.0 = Debug|Any CPU
		{FA8E2CDD-82E1-487F-AEFF-16CD44B434B4}.Release|Any CPU.ActiveCfg = Release|Any CPU
		{FA8E2CDD-82E1-487F-AEFF-16CD44B434B4}.Release|Any CPU.Build.0 = Release|Any CPU
		{92D35BC6-35C2-4A79-A62B-87F79EC09374}.Debug|Any CPU.ActiveCfg = Debug|Any CPU
		{92D35BC6-35C2-4A79-A62B-87F79EC09374}.Debug|Any CPU.Build.0 = Debug|Any CPU
		{92D35BC6-35C2-4A79-A62B-87F79EC09374}.Release|Any CPU.ActiveCfg = Release|Any CPU
		{92D35BC6-35C2-4A79-A62B-87F79EC09374}.Release|Any CPU.Build.0 = Release|Any CPU
		{763BF0F0-7D25-4544-A8AE-4D53820485BF}.Debug|Any CPU.ActiveCfg = Debug|Any CPU
		{763BF0F0-7D25-4544-A8AE-4D53820485BF}.Debug|Any CPU.Build.0 = Debug|Any CPU
		{763BF0F0-7D25-4544-A8AE-4D53820485BF}.Release|Any CPU.ActiveCfg = Release|Any CPU
		{763BF0F0-7D25-4544-A8AE-4D53820485BF}.Release|Any CPU.Build.0 = Release|Any CPU
		{8610574F-E046-453D-AE60-73144A3D8DD4}.Debug|Any CPU.ActiveCfg = Debug|Any CPU
		{8610574F-E046-453D-AE60-73144A3D8DD4}.Debug|Any CPU.Build.0 = Debug|Any CPU
		{8610574F-E046-453D-AE60-73144A3D8DD4}.Release|Any CPU.ActiveCfg = Release|Any CPU
		{8610574F-E046-453D-AE60-73144A3D8DD4}.Release|Any CPU.Build.0 = Release|Any CPU
		{F28A02C5-2BF8-43CD-88A8-B2645B3B30DD}.Debug|Any CPU.ActiveCfg = Debug|Any CPU
		{F28A02C5-2BF8-43CD-88A8-B2645B3B30DD}.Debug|Any CPU.Build.0 = Debug|Any CPU
		{F28A02C5-2BF8-43CD-88A8-B2645B3B30DD}.Release|Any CPU.ActiveCfg = Release|Any CPU
		{F28A02C5-2BF8-43CD-88A8-B2645B3B30DD}.Release|Any CPU.Build.0 = Release|Any CPU
	EndGlobalSection
	GlobalSection(SolutionProperties) = preSolution
		HideSolutionNode = FALSE
	EndGlobalSection
EndGlobal
