
Microsoft Visual Studio Solution File, Format Version 12.00
# Visual Studio 2013
VisualStudioVersion = 12.0.21005.1
MinimumVisualStudioVersion = 10.0.40219.1
Project("{FAE04EC0-301F-11D3-BF4B-00C04F79EFBC}") = "PhoenixRFQDownloader", "PhoenixRFQDownloader\PhoenixRFQDownloader.csproj", "{E63750DF-FCEE-491F-A60E-A3400F595846}"
EndProject
Project("{FAE04EC0-301F-11D3-BF4B-00C04F79EFBC}") = "PhoenixRoutine", "PhoenixRoutine\PhoenixRoutine.csproj", "{6A20C1E7-7967-4C8D-BABD-19E9EF1110B9}"
EndProject
Project("{FAE04EC0-301F-11D3-BF4B-00C04F79EFBC}") = "LeSXML", "..\..\LeSXML\LeSXML.csproj", "{41E73107-59F4-40DE-B0EA-C80A35328C54}"
EndProject
Project("{FAE04EC0-301F-11D3-BF4B-00C04F79EFBC}") = "WebScraper", "..\..\WebScraper\WebScraper\WebScraper.csproj", "{3A245355-C50F-4A70-94AE-A6F8997C3BFB}"
EndProject
Global
	GlobalSection(SolutionConfigurationPlatforms) = preSolution
		Debug|Any CPU = Debug|Any CPU
		Release|Any CPU = Release|Any CPU
	EndGlobalSection
	GlobalSection(ProjectConfigurationPlatforms) = postSolution
		{E63750DF-FCEE-491F-A60E-A3400F595846}.Debug|Any CPU.ActiveCfg = Debug|Any CPU
		{E63750DF-FCEE-491F-A60E-A3400F595846}.Debug|Any CPU.Build.0 = Debug|Any CPU
		{E63750DF-FCEE-491F-A60E-A3400F595846}.Release|Any CPU.ActiveCfg = Release|Any CPU
		{E63750DF-FCEE-491F-A60E-A3400F595846}.Release|Any CPU.Build.0 = Release|Any CPU
		{6A20C1E7-7967-4C8D-BABD-19E9EF1110B9}.Debug|Any CPU.ActiveCfg = Debug|Any CPU
		{6A20C1E7-7967-4C8D-BABD-19E9EF1110B9}.Debug|Any CPU.Build.0 = Debug|Any CPU
		{6A20C1E7-7967-4C8D-BABD-19E9EF1110B9}.Release|Any CPU.ActiveCfg = Release|Any CPU
		{6A20C1E7-7967-4C8D-BABD-19E9EF1110B9}.Release|Any CPU.Build.0 = Release|Any CPU
		{41E73107-59F4-40DE-B0EA-C80A35328C54}.Debug|Any CPU.ActiveCfg = Debug|Any CPU
		{41E73107-59F4-40DE-B0EA-C80A35328C54}.Debug|Any CPU.Build.0 = Debug|Any CPU
		{41E73107-59F4-40DE-B0EA-C80A35328C54}.Release|Any CPU.ActiveCfg = Release|Any CPU
		{41E73107-59F4-40DE-B0EA-C80A35328C54}.Release|Any CPU.Build.0 = Release|Any CPU
		{3A245355-C50F-4A70-94AE-A6F8997C3BFB}.Debug|Any CPU.ActiveCfg = Debug|Any CPU
		{3A245355-C50F-4A70-94AE-A6F8997C3BFB}.Debug|Any CPU.Build.0 = Debug|Any CPU
		{3A245355-C50F-4A70-94AE-A6F8997C3BFB}.Release|Any CPU.ActiveCfg = Release|Any CPU
		{3A245355-C50F-4A70-94AE-A6F8997C3BFB}.Release|Any CPU.Build.0 = Release|Any CPU
	EndGlobalSection
	GlobalSection(SolutionProperties) = preSolution
		HideSolutionNode = FALSE
	EndGlobalSection
EndGlobal
